{
  "name": "meeting-action-dryrun-skill",
  "version": "0.1.0",
  "lockfileVersion": 3,
  "requires": true,
  "packages": {
    "": {
      "name": "meeting-action-dryrun-skill",
      "version": "0.1.0",
      "license": "MIT",
      "bin": {
        "meeting-action-dryrun": "src/cli.js"
      }
    }
  }
}
